
Microsoft Visual Studio Solution File, Format Version 12.00
# Visual Studio 15
VisualStudioVersion = 15.0.27130.2020
MinimumVisualStudioVersion = 10.0.40219.1
Project("{FAE04EC0-301F-11D3-BF4B-00C04F79EFBC}") = "Blogger", "Blogger\Blogger.csproj", "{DCB63A5F-1AC9-4137-AB5E-63D5D4EE2ACF}"
EndProject
Global
	GlobalSection(SolutionConfigurationPlatforms) = preSolution
		Debug|Any CPU = Debug|Any CPU
		Release|Any CPU = Release|Any CPU
	EndGlobalSection
	GlobalSection(ProjectConfigurationPlatforms) = postSolution
		{DCB63A5F-1AC9-4137-AB5E-63D5D4EE2ACF}.Debug|Any CPU.ActiveCfg = Debug|Any CPU
		{DCB63A5F-1AC9-4137-AB5E-63D5D4EE2ACF}.Debug|Any CPU.Build.0 = Debug|Any CPU
		{DCB63A5F-1AC9-4137-AB5E-63D5D4EE2ACF}.Release|Any CPU.ActiveCfg = Release|Any CPU
		{DCB63A5F-1AC9-4137-AB5E-63D5D4EE2ACF}.Release|Any CPU.Build.0 = Release|Any CPU
	EndGlobalSection
	GlobalSection(SolutionProperties) = preSolution
		HideSolutionNode = FALSE
	EndGlobalSection
	GlobalSection(ExtensibilityGlobals) = postSolution
		SolutionGuid = {3BAF1569-73A1-4BCF-889B-125FCE8C46CA}
	EndGlobalSection
EndGlobal
